
Microsoft Visual Studio Solution File, Format Version 12.00
# Visual Studio Version 17
VisualStudioVersion = 17.7.34031.279
MinimumVisualStudioVersion = 10.0.40219.1
Project("{9A19103F-16F7-4668-BE54-9A1E7A4F7556}") = "Lab1Fedorov", "Lab1Fedorov\Lab1Fedorov.csproj", "{76BFEDA6-D7F6-4FF6-B74F-E6C55A20C530}"
EndProject
Project("{FAE04EC0-301F-11D3-BF4B-00C04F79EFBC}") = "omglessgo", "omglessgo\omglessgo.csproj", "{6AC137E6-F01F-44BE-93F8-EE076F18A626}"
EndProject
Project("{FAE04EC0-301F-11D3-BF4B-00C04F79EFBC}") = "Lab2Fedorov", "Lab2Fedorov\Lab2Fedorov.csproj", "{45DB3BFD-FACD-4A64-8B46-3A676265D0BB}"
EndProject
Global
	GlobalSection(SolutionConfigurationPlatforms) = preSolution
		Debug|Any CPU = Debug|Any CPU
		Release|Any CPU = Release|Any CPU
	EndGlobalSection
	GlobalSection(ProjectConfigurationPlatforms) = postSolution
		{76BFEDA6-D7F6-4FF6-B74F-E6C55A20C530}.Debug|Any CPU.ActiveCfg = Debug|Any CPU
		{76BFEDA6-D7F6-4FF6-B74F-E6C55A20C530}.Debug|Any CPU.Build.0 = Debug|Any CPU
		{76BFEDA6-D7F6-4FF6-B74F-E6C55A20C530}.Release|Any CPU.ActiveCfg = Release|Any CPU
		{76BFEDA6-D7F6-4FF6-B74F-E6C55A20C530}.Release|Any CPU.Build.0 = Release|Any CPU
		{6AC137E6-F01F-44BE-93F8-EE076F18A626}.Debug|Any CPU.ActiveCfg = Debug|Any CPU
		{6AC137E6-F01F-44BE-93F8-EE076F18A626}.Debug|Any CPU.Build.0 = Debug|Any CPU
		{6AC137E6-F01F-44BE-93F8-EE076F18A626}.Release|Any CPU.ActiveCfg = Release|Any CPU
		{6AC137E6-F01F-44BE-93F8-EE076F18A626}.Release|Any CPU.Build.0 = Release|Any CPU
		{45DB3BFD-FACD-4A64-8B46-3A676265D0BB}.Debug|Any CPU.ActiveCfg = Debug|Any CPU
		{45DB3BFD-FACD-4A64-8B46-3A676265D0BB}.Debug|Any CPU.Build.0 = Debug|Any CPU
		{45DB3BFD-FACD-4A64-8B46-3A676265D0BB}.Release|Any CPU.ActiveCfg = Release|Any CPU
		{45DB3BFD-FACD-4A64-8B46-3A676265D0BB}.Release|Any CPU.Build.0 = Release|Any CPU
	EndGlobalSection
	GlobalSection(SolutionProperties) = preSolution
		HideSolutionNode = FALSE
	EndGlobalSection
	GlobalSection(ExtensibilityGlobals) = postSolution
		SolutionGuid = {B0717872-284A-4AED-A923-D58C0090F1A9}
	EndGlobalSection
EndGlobal
