
Microsoft Visual Studio Solution File, Format Version 12.00
# Visual Studio Version 17
VisualStudioVersion = 17.5.33530.505
MinimumVisualStudioVersion = 10.0.40219.1
Project("{9A19103F-16F7-4668-BE54-9A1E7A4F7556}") = "Tyankaqq", "Tyankaqq\Tyankaqq.csproj", "{4B36AFCD-6784-4F81-9B27-92193C11C7C4}"
EndProject
Project("{9A19103F-16F7-4668-BE54-9A1E7A4F7556}") = "papaipapa", "papaipapa\papaipapa.csproj", "{E0933ECA-E9D2-424C-AE7A-392F5453C39B}"
EndProject
Project("{9A19103F-16F7-4668-BE54-9A1E7A4F7556}") = "ggwp", "ggwp\ggwp.csproj", "{1CE5C74D-6915-40A9-9DF8-5BCB023577D9}"
EndProject
Project("{9A19103F-16F7-4668-BE54-9A1E7A4F7556}") = "LabFedorov", "LabFedorov\LabFedorov.csproj", "{6C118388-3F4C-48CB-ACE7-5809A6A84268}"
EndProject
Project("{9A19103F-16F7-4668-BE54-9A1E7A4F7556}") = "Vandal", "Vandal\Vandal.csproj", "{A6F18A2F-E6F0-4053-A546-0851FF5CB733}"
EndProject
Project("{9A19103F-16F7-4668-BE54-9A1E7A4F7556}") = "lab5Fedorov", "lab5Fedorov\lab5Fedorov.csproj", "{F5C27E38-37D8-4666-9BB9-01706BC6BEC8}"
EndProject
Project("{9A19103F-16F7-4668-BE54-9A1E7A4F7556}") = "BANKOMAT", "BANKOMAT\BANKOMAT.csproj", "{A02FF448-964F-45BF-AA85-7784F729EABF}"
EndProject
Project("{9A19103F-16F7-4668-BE54-9A1E7A4F7556}") = "Cataclysm", "Cataclysm\Cataclysm.csproj", "{8038223A-B86E-446D-8765-4173112E979F}"
EndProject
Project("{9A19103F-16F7-4668-BE54-9A1E7A4F7556}") = "Lab4Fedorov", "Lab4Fedorov\Lab4Fedorov.csproj", "{B0B0C465-C942-4DB5-9F85-3A2A5CACBEC0}"
EndProject
Project("{9A19103F-16F7-4668-BE54-9A1E7A4F7556}") = "lab.3.1", "lab.3.1\lab.3.1.csproj", "{DDACFAF4-067C-4405-8FB4-4DE463A35A51}"
EndProject
Project("{9A19103F-16F7-4668-BE54-9A1E7A4F7556}") = "Vampir", "Vampir\Vampir.csproj", "{B99D5DC7-5A55-4491-9E57-9F2EE29C3E2A}"
EndProject
Project("{9A19103F-16F7-4668-BE54-9A1E7A4F7556}") = "Team Spirit", "Team Spirit\Team Spirit.csproj", "{E1A087AD-1072-4983-B0F5-B4A8EC41A782}"
EndProject
Project("{9A19103F-16F7-4668-BE54-9A1E7A4F7556}") = "ANGRY", "ANGRY\ANGRY.csproj", "{A1CAB84B-2E96-48D9-905B-6357101F951D}"
EndProject
Project("{9A19103F-16F7-4668-BE54-9A1E7A4F7556}") = "Lab 3.4", "Lab 3.4\Lab 3.4.csproj", "{25BFB0CF-C479-4755-ABFC-54500EB71293}"
EndProject
Project("{9A19103F-16F7-4668-BE54-9A1E7A4F7556}") = "lab 3.3", "lab 3.3\lab 3.3.csproj", "{D1C17199-E6A4-4DCC-B9F3-7320442EB0F5}"
EndProject
Project("{9A19103F-16F7-4668-BE54-9A1E7A4F7556}") = "omglessgo", "omglessgo\omglessgo.csproj", "{D901CFEF-78F6-4DF0-9185-1D4CF04DF5F1}"
EndProject
Global
	GlobalSection(SolutionConfigurationPlatforms) = preSolution
		Debug|Any CPU = Debug|Any CPU
		Release|Any CPU = Release|Any CPU
	EndGlobalSection
	GlobalSection(ProjectConfigurationPlatforms) = postSolution
		{4B36AFCD-6784-4F81-9B27-92193C11C7C4}.Debug|Any CPU.ActiveCfg = Debug|Any CPU
		{4B36AFCD-6784-4F81-9B27-92193C11C7C4}.Debug|Any CPU.Build.0 = Debug|Any CPU
		{4B36AFCD-6784-4F81-9B27-92193C11C7C4}.Release|Any CPU.ActiveCfg = Release|Any CPU
		{4B36AFCD-6784-4F81-9B27-92193C11C7C4}.Release|Any CPU.Build.0 = Release|Any CPU
		{E0933ECA-E9D2-424C-AE7A-392F5453C39B}.Debug|Any CPU.ActiveCfg = Debug|Any CPU
		{E0933ECA-E9D2-424C-AE7A-392F5453C39B}.Debug|Any CPU.Build.0 = Debug|Any CPU
		{E0933ECA-E9D2-424C-AE7A-392F5453C39B}.Release|Any CPU.ActiveCfg = Release|Any CPU
		{E0933ECA-E9D2-424C-AE7A-392F5453C39B}.Release|Any CPU.Build.0 = Release|Any CPU
		{1CE5C74D-6915-40A9-9DF8-5BCB023577D9}.Debug|Any CPU.ActiveCfg = Debug|Any CPU
		{1CE5C74D-6915-40A9-9DF8-5BCB023577D9}.Debug|Any CPU.Build.0 = Debug|Any CPU
		{1CE5C74D-6915-40A9-9DF8-5BCB023577D9}.Release|Any CPU.ActiveCfg = Release|Any CPU
		{1CE5C74D-6915-40A9-9DF8-5BCB023577D9}.Release|Any CPU.Build.0 = Release|Any CPU
		{6C118388-3F4C-48CB-ACE7-5809A6A84268}.Debug|Any CPU.ActiveCfg = Debug|Any CPU
		{6C118388-3F4C-48CB-ACE7-5809A6A84268}.Debug|Any CPU.Build.0 = Debug|Any CPU
		{6C118388-3F4C-48CB-ACE7-5809A6A84268}.Release|Any CPU.ActiveCfg = Release|Any CPU
		{6C118388-3F4C-48CB-ACE7-5809A6A84268}.Release|Any CPU.Build.0 = Release|Any CPU
		{A6F18A2F-E6F0-4053-A546-0851FF5CB733}.Debug|Any CPU.ActiveCfg = Debug|Any CPU
		{A6F18A2F-E6F0-4053-A546-0851FF5CB733}.Debug|Any CPU.Build.0 = Debug|Any CPU
		{A6F18A2F-E6F0-4053-A546-0851FF5CB733}.Release|Any CPU.ActiveCfg = Release|Any CPU
		{A6F18A2F-E6F0-4053-A546-0851FF5CB733}.Release|Any CPU.Build.0 = Release|Any CPU
		{F5C27E38-37D8-4666-9BB9-01706BC6BEC8}.Debug|Any CPU.ActiveCfg = Debug|Any CPU
		{F5C27E38-37D8-4666-9BB9-01706BC6BEC8}.Debug|Any CPU.Build.0 = Debug|Any CPU
		{F5C27E38-37D8-4666-9BB9-01706BC6BEC8}.Release|Any CPU.ActiveCfg = Release|Any CPU
		{F5C27E38-37D8-4666-9BB9-01706BC6BEC8}.Release|Any CPU.Build.0 = Release|Any CPU
		{A02FF448-964F-45BF-AA85-7784F729EABF}.Debug|Any CPU.ActiveCfg = Debug|Any CPU
		{A02FF448-964F-45BF-AA85-7784F729EABF}.Debug|Any CPU.Build.0 = Debug|Any CPU
		{A02FF448-964F-45BF-AA85-7784F729EABF}.Release|Any CPU.ActiveCfg = Release|Any CPU
		{A02FF448-964F-45BF-AA85-7784F729EABF}.Release|Any CPU.Build.0 = Release|Any CPU
		{8038223A-B86E-446D-8765-4173112E979F}.Debug|Any CPU.ActiveCfg = Debug|Any CPU
		{8038223A-B86E-446D-8765-4173112E979F}.Debug|Any CPU.Build.0 = Debug|Any CPU
		{8038223A-B86E-446D-8765-4173112E979F}.Release|Any CPU.ActiveCfg = Release|Any CPU
		{8038223A-B86E-446D-8765-4173112E979F}.Release|Any CPU.Build.0 = Release|Any CPU
		{B0B0C465-C942-4DB5-9F85-3A2A5CACBEC0}.Debug|Any CPU.ActiveCfg = Debug|Any CPU
		{B0B0C465-C942-4DB5-9F85-3A2A5CACBEC0}.Debug|Any CPU.Build.0 = Debug|Any CPU
		{B0B0C465-C942-4DB5-9F85-3A2A5CACBEC0}.Release|Any CPU.ActiveCfg = Release|Any CPU
		{B0B0C465-C942-4DB5-9F85-3A2A5CACBEC0}.Release|Any CPU.Build.0 = Release|Any CPU
		{DDACFAF4-067C-4405-8FB4-4DE463A35A51}.Debug|Any CPU.ActiveCfg = Debug|Any CPU
		{DDACFAF4-067C-4405-8FB4-4DE463A35A51}.Debug|Any CPU.Build.0 = Debug|Any CPU
		{DDACFAF4-067C-4405-8FB4-4DE463A35A51}.Release|Any CPU.ActiveCfg = Release|Any CPU
		{DDACFAF4-067C-4405-8FB4-4DE463A35A51}.Release|Any CPU.Build.0 = Release|Any CPU
		{B99D5DC7-5A55-4491-9E57-9F2EE29C3E2A}.Debug|Any CPU.ActiveCfg = Debug|Any CPU
		{B99D5DC7-5A55-4491-9E57-9F2EE29C3E2A}.Debug|Any CPU.Build.0 = Debug|Any CPU
		{B99D5DC7-5A55-4491-9E57-9F2EE29C3E2A}.Release|Any CPU.ActiveCfg = Release|Any CPU
		{B99D5DC7-5A55-4491-9E57-9F2EE29C3E2A}.Release|Any CPU.Build.0 = Release|Any CPU
		{E1A087AD-1072-4983-B0F5-B4A8EC41A782}.Debug|Any CPU.ActiveCfg = Debug|Any CPU
		{E1A087AD-1072-4983-B0F5-B4A8EC41A782}.Debug|Any CPU.Build.0 = Debug|Any CPU
		{E1A087AD-1072-4983-B0F5-B4A8EC41A782}.Release|Any CPU.ActiveCfg = Release|Any CPU
		{E1A087AD-1072-4983-B0F5-B4A8EC41A782}.Release|Any CPU.Build.0 = Release|Any CPU
		{A1CAB84B-2E96-48D9-905B-6357101F951D}.Debug|Any CPU.ActiveCfg = Debug|Any CPU
		{A1CAB84B-2E96-48D9-905B-6357101F951D}.Debug|Any CPU.Build.0 = Debug|Any CPU
		{A1CAB84B-2E96-48D9-905B-6357101F951D}.Release|Any CPU.ActiveCfg = Release|Any CPU
		{A1CAB84B-2E96-48D9-905B-6357101F951D}.Release|Any CPU.Build.0 = Release|Any CPU
		{25BFB0CF-C479-4755-ABFC-54500EB71293}.Debug|Any CPU.ActiveCfg = Debug|Any CPU
		{25BFB0CF-C479-4755-ABFC-54500EB71293}.Debug|Any CPU.Build.0 = Debug|Any CPU
		{25BFB0CF-C479-4755-ABFC-54500EB71293}.Release|Any CPU.ActiveCfg = Release|Any CPU
		{25BFB0CF-C479-4755-ABFC-54500EB71293}.Release|Any CPU.Build.0 = Release|Any CPU
		{D1C17199-E6A4-4DCC-B9F3-7320442EB0F5}.Debug|Any CPU.ActiveCfg = Debug|Any CPU
		{D1C17199-E6A4-4DCC-B9F3-7320442EB0F5}.Debug|Any CPU.Build.0 = Debug|Any CPU
		{D1C17199-E6A4-4DCC-B9F3-7320442EB0F5}.Release|Any CPU.ActiveCfg = Release|Any CPU
		{D1C17199-E6A4-4DCC-B9F3-7320442EB0F5}.Release|Any CPU.Build.0 = Release|Any CPU
		{D901CFEF-78F6-4DF0-9185-1D4CF04DF5F1}.Debug|Any CPU.ActiveCfg = Debug|Any CPU
		{D901CFEF-78F6-4DF0-9185-1D4CF04DF5F1}.Debug|Any CPU.Build.0 = Debug|Any CPU
		{D901CFEF-78F6-4DF0-9185-1D4CF04DF5F1}.Release|Any CPU.ActiveCfg = Release|Any CPU
		{D901CFEF-78F6-4DF0-9185-1D4CF04DF5F1}.Release|Any CPU.Build.0 = Release|Any CPU
	EndGlobalSection
	GlobalSection(SolutionProperties) = preSolution
		HideSolutionNode = FALSE
	EndGlobalSection
	GlobalSection(ExtensibilityGlobals) = postSolution
		SolutionGuid = {4C2C40E4-2D6A-4C8F-945F-F97C74230852}
	EndGlobalSection
EndGlobal
